{
  "object": {
    "pins": [
      {
        "package": "CocoaAsyncSocket",
        "repositoryURL": "https://github.com/robbiehanson/CocoaAsyncSocket",
        "state": {
          "branch": null,
          "revision": "dbdc00669c1ced63b27c3c5f052ee4d28f10150c",
          "version": "7.6.5"
        }
      },
      {
        "package": "CryptoSwift",
        "repositoryURL": "https://github.com/krzyzanowskim/CryptoSwift.git",
        "state": {
          "branch": null,
          "revision": "8d4f6384e0a8cc41f2005247241dd553963a492a",
          "version": "1.4.1"
        }
      },
      {
        "package": "Rainbow",
        "repositoryURL": "https://github.com/onevcat/Rainbow",
        "state": {
          "branch": null,
          "revision": "7c3dad0e918534c6d19dd1048bde734c246d05fe",
          "version": "4.0.0"
        }
      }
    ]
  },
  "version": 1
}
