{
  "object": {
    "pins": [
      {
        "package": "CocoaAsyncSocket",
        "repositoryURL": "https://github.com/robbiehanson/CocoaAsyncSocket",
        "state": {
          "branch": null,
          "revision": "dbdc00669c1ced63b27c3c5f052ee4d28f10150c",
          "version": "7.6.5"
        }
      },
      {
        "package": "CryptoSwift",
        "repositoryURL": "https://github.com/BinaryParadise/CryptoSwift.git",
        "state": {
          "branch": null,
          "revision": "b16d6ee408a363661d7b631c5b9be96a2c4f2f44",
          "version": "1.4.2"
        }
      },
      {
        "package": "Rainbow",
        "repositoryURL": "https://github.com/onevcat/Rainbow",
        "state": {
          "branch": null,
          "revision": "7c3dad0e918534c6d19dd1048bde734c246d05fe",
          "version": "4.0.0"
        }
      },
      {
        "package": "swift-nio",
        "repositoryURL": "https://github.com/apple/swift-nio.git",
        "state": {
          "branch": null,
          "revision": "94f41c4121a82fae5c7b1cb03e630e9f9e5e20f1",
          "version": "2.32.1"
        }
      },
      {
        "package": "swift-nio-http2",
        "repositoryURL": "https://github.com/apple/swift-nio-http2.git",
        "state": {
          "branch": null,
          "revision": "42bdcae4ac4913507a5ee7af963c559deb60d1fc",
          "version": "1.18.2"
        }
      }
    ]
  },
  "version": 1
}
